
Microsoft Visual Studio Solution File, Format Version 12.00
# Visual Studio Version 16
VisualStudioVersion = 16.0.30717.126
MinimumVisualStudioVersion = 10.0.40219.1
Project("{FAE04EC0-301F-11D3-BF4B-00C04F79EFBC}") = "MigratorDemo", "MigratorDemo\MigratorDemo.csproj", "{C116097B-DAF6-49CB-9326-29ECC4456C29}"
EndProject
Global
	GlobalSection(SolutionConfigurationPlatforms) = preSolution
		Debug|Any CPU = Debug|Any CPU
		Release|Any CPU = Release|Any CPU
	EndGlobalSection
	GlobalSection(ProjectConfigurationPlatforms) = postSolution
		{C116097B-DAF6-49CB-9326-29ECC4456C29}.Debug|Any CPU.ActiveCfg = Debug|Any CPU
		{C116097B-DAF6-49CB-9326-29ECC4456C29}.Debug|Any CPU.Build.0 = Debug|Any CPU
		{C116097B-DAF6-49CB-9326-29ECC4456C29}.Release|Any CPU.ActiveCfg = Release|Any CPU
		{C116097B-DAF6-49CB-9326-29ECC4456C29}.Release|Any CPU.Build.0 = Release|Any CPU
	EndGlobalSection
	GlobalSection(SolutionProperties) = preSolution
		HideSolutionNode = FALSE
	EndGlobalSection
	GlobalSection(ExtensibilityGlobals) = postSolution
		SolutionGuid = {B735F665-6351-4D97-B37C-AD6AD87D73A3}
	EndGlobalSection
EndGlobal
